{
  "name": "zoom-session",
  "version": "1.0.0",
  "lockfileVersion": 2,
  "requires": true,
  "packages": {
    "": {
      "name": "zoom-session",
      "version": "1.0.0",
      "license": "ISC",
      "dependencies": {
        "jsrsasign": "10.5.7"
      }
    },
    "node_modules/jsrsasign": {
      "version": "10.5.7",
      "resolved": "https://registry.npmjs.org/jsrsasign/-/jsrsasign-10.5.7.tgz",
      "integrity": "sha512-g9PEd6QMHdQ8LhwTCooIrpgMItRkXzhTHfkmpZo8WcvDcT3o0ECU9zfns/amIIZxxFHFV+VR7nFTKhhh8h/2mA==",
      "funding": {
        "url": "https://github.com/kjur/jsrsasign#donations"
      }
    }
  },
  "dependencies": {
    "jsrsasign": {
      "version": "10.5.7",
      "resolved": "https://registry.npmjs.org/jsrsasign/-/jsrsasign-10.5.7.tgz",
      "integrity": "sha512-g9PEd6QMHdQ8LhwTCooIrpgMItRkXzhTHfkmpZo8WcvDcT3o0ECU9zfns/amIIZxxFHFV+VR7nFTKhhh8h/2mA=="
    }
  }
}
